// !$*UTF8*$!
{
	archiveVersion = 1;
	classes = {
	};
	objectVersion = 46;
	objects = {

/* Begin PBXBuildFile section */
		1D4BF7311D794C5D00C2CA1E /* main.m in Sources */ = {isa = PBXBuildFile; fileRef = 1D4BF7301D794C5D00C2CA1E /* main.m */; };
		1D4BF7341D794C5D00C2CA1E /* AppDelegate.m in Sources */ = {isa = PBXBuildFile; fileRef = 1D4BF7331D794C5D00C2CA1E /* AppDelegate.m */; };
		1D4BF7371D794C5D00C2CA1E /* ViewController.m in Sources */ = {isa = PBXBuildFile; fileRef = 1D4BF7361D794C5D00C2CA1E /* ViewController.m */; };
		1D4BF73A1D794C5D00C2CA1E /* Main.storyboard in Resources */ = {isa = PBXBuildFile; fileRef = 1D4BF7381D794C5D00C2CA1E /* Main.storyboard */; };
		1D4BF73C1D794C5D00C2CA1E /* Assets.xcassets in Resources */ = {isa = PBXBuildFile; fileRef = 1D4BF73B1D794C5D00C2CA1E /* Assets.xcassets */; };
		1D4BF73F1D794C5D00C2CA1E /* LaunchScreen.storyboard in Resources */ = {isa = PBXBuildFile; fileRef = 1D4BF73D1D794C5D00C2CA1E /* LaunchScreen.storyboard */; };
		1D4BF7481D794C7F00C2CA1E /* YJCycleScrollView.m in Sources */ = {isa = PBXBuildFile; fileRef = 1D4BF7471D794C7F00C2CA1E /* YJCycleScrollView.m */; };
		1D4BF74B1D794DE200C2CA1E /* YJCycleScrollViewLayout.m in Sources */ = {isa = PBXBuildFile; fileRef = 1D4BF74A1D794DE200C2CA1E /* YJCycleScrollViewLayout.m */; };
		1D4BF74E1D7957DD00C2CA1E /* YJCycleScrollViewNormalCell.m in Sources */ = {isa = PBXBuildFile; fileRef = 1D4BF74D1D7957DD00C2CA1E /* YJCycleScrollViewNormalCell.m */; };
		C53F44161D79D16700BC70BA /* TestModel.m in Sources */ = {isa = PBXBuildFile; fileRef = C53F44151D79D16700BC70BA /* TestModel.m */; };
/* End PBXBuildFile section */

/* Begin PBXFileReference section */
		1D4BF72C1D794C5D00C2CA1E /* YJCycleScrollView.app */ = {isa = PBXFileReference; explicitFileType = wrapper.application; includeInIndex = 0; path = YJCycleScrollView.app; sourceTree = BUILT_PRODUCTS_DIR; };
		1D4BF7301D794C5D00C2CA1E /* main.m */ = {isa = PBXFileReference; lastKnownFileType = sourcecode.c.objc; path = main.m; sourceTree = "<group>"; };
		1D4BF7321D794C5D00C2CA1E /* AppDelegate.h */ = {isa = PBXFileReference; lastKnownFileType = sourcecode.c.h; path = AppDelegate.h; sourceTree = "<group>"; };
		1D4BF7331D794C5D00C2CA1E /* AppDelegate.m */ = {isa = PBXFileReference; lastKnownFileType = sourcecode.c.objc; path = AppDelegate.m; sourceTree = "<group>"; };
		1D4BF7351D794C5D00C2CA1E /* ViewController.h */ = {isa = PBXFileReference; lastKnownFileType = sourcecode.c.h; path = ViewController.h; sourceTree = "<group>"; };
		1D4BF7361D794C5D00C2CA1E /* ViewController.m */ = {isa = PBXFileReference; lastKnownFileType = sourcecode.c.objc; path = ViewController.m; sourceTree = "<group>"; };
		1D4BF7391D794C5D00C2CA1E /* Base */ = {isa = PBXFileReference; lastKnownFileType = file.storyboard; name = Base; path = Base.lproj/Main.storyboard; sourceTree = "<group>"; };
		1D4BF73B1D794C5D00C2CA1E /* Assets.xcassets */ = {isa = PBXFileReference; lastKnownFileType = folder.assetcatalog; path = Assets.xcassets; sourceTree = "<group>"; };
		1D4BF73E1D794C5D00C2CA1E /* Base */ = {isa = PBXFileReference; lastKnownFileType = file.storyboard; name = Base; path = Base.lproj/LaunchScreen.storyboard; sourceTree = "<group>"; };
		1D4BF7401D794C5D00C2CA1E /* Info.plist */ = {isa = PBXFileReference; lastKnownFileType = text.plist.xml; path = Info.plist; sourceTree = "<group>"; };
		1D4BF7461D794C7F00C2CA1E /* YJCycleScrollView.h */ = {isa = PBXFileReference; fileEncoding = 4; lastKnownFileType = sourcecode.c.h; path = YJCycleScrollView.h; sourceTree = "<group>"; };
		1D4BF7471D794C7F00C2CA1E /* YJCycleScrollView.m */ = {isa = PBXFileReference; fileEncoding = 4; lastKnownFileType = sourcecode.c.objc; path = YJCycleScrollView.m; sourceTree = "<group>"; };
		1D4BF7491D794DE200C2CA1E /* YJCycleScrollViewLayout.h */ = {isa = PBXFileReference; fileEncoding = 4; lastKnownFileType = sourcecode.c.h; path = YJCycleScrollViewLayout.h; sourceTree = "<group>"; };
		1D4BF74A1D794DE200C2CA1E /* YJCycleScrollViewLayout.m */ = {isa = PBXFileReference; fileEncoding = 4; lastKnownFileType = sourcecode.c.objc; path = YJCycleScrollViewLayout.m; sourceTree = "<group>"; };
		1D4BF74C1D7957DD00C2CA1E /* YJCycleScrollViewNormalCell.h */ = {isa = PBXFileReference; fileEncoding = 4; lastKnownFileType = sourcecode.c.h; path = YJCycleScrollViewNormalCell.h; sourceTree = "<group>"; };
		1D4BF74D1D7957DD00C2CA1E /* YJCycleScrollViewNormalCell.m */ = {isa = PBXFileReference; fileEncoding = 4; lastKnownFileType = sourcecode.c.objc; path = YJCycleScrollViewNormalCell.m; sourceTree = "<group>"; };
		C53F44141D79D16700BC70BA /* TestModel.h */ = {isa = PBXFileReference; fileEncoding = 4; lastKnownFileType = sourcecode.c.h; path = TestModel.h; sourceTree = "<group>"; };
		C53F44151D79D16700BC70BA /* TestModel.m */ = {isa = PBXFileReference; fileEncoding = 4; lastKnownFileType = sourcecode.c.objc; path = TestModel.m; sourceTree = "<group>"; };
/* End PBXFileReference section */

/* Begin PBXFrameworksBuildPhase section */
		1D4BF7291D794C5D00C2CA1E /* Frameworks */ = {
			isa = PBXFrameworksBuildPhase;
			buildActionMask = 2147483647;
			files = (
			);
			runOnlyForDeploymentPostprocessing = 0;
		};
/* End PBXFrameworksBuildPhase section */

/* Begin PBXGroup section */
		1D4BF7231D794C5D00C2CA1E = {
			isa = PBXGroup;
			children = (
				1D4BF72E1D794C5D00C2CA1E /* YJCycleScrollView */,
				1D4BF72D1D794C5D00C2CA1E /* Products */,
			);
			sourceTree = "<group>";
		};
		1D4BF72D1D794C5D00C2CA1E /* Products */ = {
			isa = PBXGroup;
			children = (
				1D4BF72C1D794C5D00C2CA1E /* YJCycleScrollView.app */,
			);
			name = Products;
			sourceTree = "<group>";
		};
		1D4BF72E1D794C5D00C2CA1E /* YJCycleScrollView */ = {
			isa = PBXGroup;
			children = (
				1D4BF7461D794C7F00C2CA1E /* YJCycleScrollView.h */,
				1D4BF7471D794C7F00C2CA1E /* YJCycleScrollView.m */,
				1D4BF7491D794DE200C2CA1E /* YJCycleScrollViewLayout.h */,
				1D4BF74A1D794DE200C2CA1E /* YJCycleScrollViewLayout.m */,
				1D4BF74C1D7957DD00C2CA1E /* YJCycleScrollViewNormalCell.h */,
				1D4BF74D1D7957DD00C2CA1E /* YJCycleScrollViewNormalCell.m */,
				1D4BF7321D794C5D00C2CA1E /* AppDelegate.h */,
				1D4BF7331D794C5D00C2CA1E /* AppDelegate.m */,
				1D4BF7351D794C5D00C2CA1E /* ViewController.h */,
				1D4BF7361D794C5D00C2CA1E /* ViewController.m */,
				C53F44141D79D16700BC70BA /* TestModel.h */,
				C53F44151D79D16700BC70BA /* TestModel.m */,
				1D4BF7381D794C5D00C2CA1E /* Main.storyboard */,
				1D4BF73B1D794C5D00C2CA1E /* Assets.xcassets */,
				1D4BF73D1D794C5D00C2CA1E /* LaunchScreen.storyboard */,
				1D4BF7401D794C5D00C2CA1E /* Info.plist */,
				1D4BF72F1D794C5D00C2CA1E /* Supporting Files */,
			);
			path = YJCycleScrollView;
			sourceTree = "<group>";
		};
		1D4BF72F1D794C5D00C2CA1E /* Supporting Files */ = {
			isa = PBXGroup;
			children = (
				1D4BF7301D794C5D00C2CA1E /* main.m */,
			);
			name = "Supporting Files";
			sourceTree = "<group>";
		};
/* End PBXGroup section */

/* Begin PBXNativeTarget section */
		1D4BF72B1D794C5D00C2CA1E /* YJCycleScrollView */ = {
			isa = PBXNativeTarget;
			buildConfigurationList = 1D4BF7431D794C5D00C2CA1E /* Build configuration list for PBXNativeTarget "YJCycleScrollView" */;
			buildPhases = (
				1D4BF7281D794C5D00C2CA1E /* Sources */,
				1D4BF7291D794C5D00C2CA1E /* Frameworks */,
				1D4BF72A1D794C5D00C2CA1E /* Resources */,
			);
			buildRules = (
			);
			dependencies = (
			);
			name = YJCycleScrollView;
			productName = YJCycleScrollView;
			productReference = 1D4BF72C1D794C5D00C2CA1E /* YJCycleScrollView.app */;
			productType = "com.apple.product-type.application";
		};
/* End PBXNativeTarget section */

/* Begin PBXProject section */
		1D4BF7241D794C5D00C2CA1E /* Project object */ = {
			isa = PBXProject;
			attributes = {
				LastUpgradeCheck = 0730;
				ORGANIZATIONNAME = Jet;
				TargetAttributes = {
					1D4BF72B1D794C5D00C2CA1E = {
						CreatedOnToolsVersion = 7.3.1;
						DevelopmentTeam = NDT83C8P86;
					};
				};
			};
			buildConfigurationList = 1D4BF7271D794C5D00C2CA1E /* Build configuration list for PBXProject "YJCycleScrollView" */;
			compatibilityVersion = "Xcode 3.2";
			developmentRegion = English;
			hasScannedForEncodings = 0;
			knownRegions = (
				en,
				Base,
			);
			mainGroup = 1D4BF7231D794C5D00C2CA1E;
			productRefGroup = 1D4BF72D1D794C5D00C2CA1E /* Products */;
			projectDirPath = "";
			projectRoot = "";
			targets = (
				1D4BF72B1D794C5D00C2CA1E /* YJCycleScrollView */,
			);
		};
/* End PBXProject section */

/* Begin PBXResourcesBuildPhase section */
		1D4BF72A1D794C5D00C2CA1E /* Resources */ = {
			isa = PBXResourcesBuildPhase;
			buildActionMask = 2147483647;
			files = (
				1D4BF73F1D794C5D00C2CA1E /* LaunchScreen.storyboard in Resources */,
				1D4BF73C1D794C5D00C2CA1E /* Assets.xcassets in Resources */,
				1D4BF73A1D794C5D00C2CA1E /* Main.storyboard in Resources */,
			);
			runOnlyForDeploymentPostprocessing = 0;
		};
/* End PBXResourcesBuildPhase section */

/* Begin PBXSourcesBuildPhase section */
		1D4BF7281D794C5D00C2CA1E /* Sources */ = {
			isa = PBXSourcesBuildPhase;
			buildActionMask = 2147483647;
			files = (
				1D4BF74E1D7957DD00C2CA1E /* YJCycleScrollViewNormalCell.m in Sources */,
				1D4BF7371D794C5D00C2CA1E /* ViewController.m in Sources */,
				1D4BF7341D794C5D00C2CA1E /* AppDelegate.m in Sources */,
				1D4BF74B1D794DE200C2CA1E /* YJCycleScrollViewLayout.m in Sources */,
				1D4BF7311D794C5D00C2CA1E /* main.m in Sources */,
				C53F44161D79D16700BC70BA /* TestModel.m in Sources */,
				1D4BF7481D794C7F00C2CA1E /* YJCycleScrollView.m in Sources */,
			);
			runOnlyForDeploymentPostprocessing = 0;
		};
/* End PBXSourcesBuildPhase section */

/* Begin PBXVariantGroup section */
		1D4BF7381D794C5D00C2CA1E /* Main.storyboard */ = {
			isa = PBXVariantGroup;
			children = (
				1D4BF7391D794C5D00C2CA1E /* Base */,
			);
			name = Main.storyboard;
			sourceTree = "<group>";
		};
		1D4BF73D1D794C5D00C2CA1E /* LaunchScreen.storyboard */ = {
			isa = PBXVariantGroup;
			children = (
				1D4BF73E1D794C5D00C2CA1E /* Base */,
			);
			name = LaunchScreen.storyboard;
			sourceTree = "<group>";
		};
/* End PBXVariantGroup section */

/* Begin XCBuildConfiguration section */
		1D4BF7411D794C5D00C2CA1E /* Debug */ = {
			isa = XCBuildConfiguration;
			buildSettings = {
				ALWAYS_SEARCH_USER_PATHS = NO;
				CLANG_ANALYZER_NONNULL = YES;
				CLANG_CXX_LANGUAGE_STANDARD = "gnu++0x";
				CLANG_CXX_LIBRARY = "libc++";
				CLANG_ENABLE_MODULES = YES;
				CLANG_ENABLE_OBJC_ARC = YES;
				CLANG_WARN_BOOL_CONVERSION = YES;
				CLANG_WARN_CONSTANT_CONVERSION = YES;
				CLANG_WARN_DIRECT_OBJC_ISA_USAGE = YES_ERROR;
				CLANG_WARN_EMPTY_BODY = YES;
				CLANG_WARN_ENUM_CONVERSION = YES;
				CLANG_WARN_INT_CONVERSION = YES;
				CLANG_WARN_OBJC_ROOT_CLASS = YES_ERROR;
				CLANG_WARN_UNREACHABLE_CODE = YES;
				CLANG_WARN__DUPLICATE_METHOD_MATCH = YES;
				"CODE_SIGN_IDENTITY[sdk=iphoneos*]" = "iPhone Developer";
				COPY_PHASE_STRIP = NO;
				DEBUG_INFORMATION_FORMAT = dwarf;
				ENABLE_STRICT_OBJC_MSGSEND = YES;
				ENABLE_TESTABILITY = YES;
				GCC_C_LANGUAGE_STANDARD = gnu99;
				GCC_DYNAMIC_NO_PIC = NO;
				GCC_NO_COMMON_BLOCKS = YES;
				GCC_OPTIMIZATION_LEVEL = 0;
				GCC_PREPROCESSOR_DEFINITIONS = (
					"DEBUG=1",
					"$(inherited)",
				);
				GCC_WARN_64_TO_32_BIT_CONVERSION = YES;
				GCC_WARN_ABOUT_RETURN_TYPE = YES_ERROR;
				GCC_WARN_UNDECLARED_SELECTOR = YES;
				GCC_WARN_UNINITIALIZED_AUTOS = YES_AGGRESSIVE;
				GCC_WARN_UNUSED_FUNCTION = YES;
				GCC_WARN_UNUSED_VARIABLE = YES;
				IPHONEOS_DEPLOYMENT_TARGET = 9.3;
				MTL_ENABLE_DEBUG_INFO = YES;
				ONLY_ACTIVE_ARCH = YES;
				SDKROOT = iphoneos;
				TARGETED_DEVICE_FAMILY = "1,2";
			};
			name = Debug;
		};
		1D4BF7421D794C5D00C2CA1E /* Release */ = {
			isa = XCBuildConfiguration;
			buildSettings = {
				ALWAYS_SEARCH_USER_PATHS = NO;
				CLANG_ANALYZER_NONNULL = YES;
				CLANG_CXX_LANGUAGE_STANDARD = "gnu++0x";
				CLANG_CXX_LIBRARY = "libc++";
				CLANG_ENABLE_MODULES = YES;
				CLANG_ENABLE_OBJC_ARC = YES;
				CLANG_WARN_BOOL_CONVERSION = YES;
				CLANG_WARN_CONSTANT_CONVERSION = YES;
				CLANG_WARN_DIRECT_OBJC_ISA_USAGE = YES_ERROR;
				CLANG_WARN_EMPTY_BODY = YES;
				CLANG_WARN_ENUM_CONVERSION = YES;
				CLANG_WARN_INT_CONVERSION = YES;
				CLANG_WARN_OBJC_ROOT_CLASS = YES_ERROR;
				CLANG_WARN_UNREACHABLE_CODE = YES;
				CLANG_WARN__DUPLICATE_METHOD_MATCH = YES;
				"CODE_SIGN_IDENTITY[sdk=iphoneos*]" = "iPhone Developer";
				COPY_PHASE_STRIP = NO;
				DEBUG_INFORMATION_FORMAT = "dwarf-with-dsym";
				ENABLE_NS_ASSERTIONS = NO;
				ENABLE_STRICT_OBJC_MSGSEND = YES;
				GCC_C_LANGUAGE_STANDARD = gnu99;
				GCC_NO_COMMON_BLOCKS = YES;
				GCC_WARN_64_TO_32_BIT_CONVERSION = YES;
				GCC_WARN_ABOUT_RETURN_TYPE = YES_ERROR;
				GCC_WARN_UNDECLARED_SELECTOR = YES;
				GCC_WARN_UNINITIALIZED_AUTOS = YES_AGGRESSIVE;
				GCC_WARN_UNUSED_FUNCTION = YES;
				GCC_WARN_UNUSED_VARIABLE = YES;
				IPHONEOS_DEPLOYMENT_TARGET = 9.3;
				MTL_ENABLE_DEBUG_INFO = NO;
				SDKROOT = iphoneos;
				TARGETED_DEVICE_FAMILY = "1,2";
				VALIDATE_PRODUCT = YES;
			};
			name = Release;
		};
		1D4BF7441D794C5D00C2CA1E /* Debug */ = {
			isa = XCBuildConfiguration;
			buildSettings = {
				ASSETCATALOG_COMPILER_APPICON_NAME = AppIcon;
				CODE_SIGN_IDENTITY = "iPhone Developer";
				INFOPLIST_FILE = YJCycleScrollView/Info.plist;
				IPHONEOS_DEPLOYMENT_TARGET = 8.0;
				LD_RUNPATH_SEARCH_PATHS = "$(inherited) @executable_path/Frameworks";
				PRODUCT_BUNDLE_IDENTIFIER = Jet.YJCycleScrollView;
				PRODUCT_NAME = "$(TARGET_NAME)";
			};
			name = Debug;
		};
		1D4BF7451D794C5D00C2CA1E /* Release */ = {
			isa = XCBuildConfiguration;
			buildSettings = {
				ASSETCATALOG_COMPILER_APPICON_NAME = AppIcon;
				CODE_SIGN_IDENTITY = "iPhone Developer";
				INFOPLIST_FILE = YJCycleScrollView/Info.plist;
				IPHONEOS_DEPLOYMENT_TARGET = 8.0;
				LD_RUNPATH_SEARCH_PATHS = "$(inherited) @executable_path/Frameworks";
				PRODUCT_BUNDLE_IDENTIFIER = Jet.YJCycleScrollView;
				PRODUCT_NAME = "$(TARGET_NAME)";
			};
			name = Release;
		};
/* End XCBuildConfiguration section */

/* Begin XCConfigurationList section */
		1D4BF7271D794C5D00C2CA1E /* Build configuration list for PBXProject "YJCycleScrollView" */ = {
			isa = XCConfigurationList;
			buildConfigurations = (
				1D4BF7411D794C5D00C2CA1E /* Debug */,
				1D4BF7421D794C5D00C2CA1E /* Release */,
			);
			defaultConfigurationIsVisible = 0;
			defaultConfigurationName = Release;
		};
		1D4BF7431D794C5D00C2CA1E /* Build configuration list for PBXNativeTarget "YJCycleScrollView" */ = {
			isa = XCConfigurationList;
			buildConfigurations = (
				1D4BF7441D794C5D00C2CA1E /* Debug */,
				1D4BF7451D794C5D00C2CA1E /* Release */,
			);
			defaultConfigurationIsVisible = 0;
			defaultConfigurationName = Release;
		};
/* End XCConfigurationList section */
	};
	rootObject = 1D4BF7241D794C5D00C2CA1E /* Project object */;
}
